// !$*UTF8*$!
{
	archiveVersion = 1;
	classes = {
	};
	objectVersion = 55;
	objects = {

/* Begin PBXBuildFile section */
		B368C28A289DC17B0055C3C1 /* HomePage.swift in Sources */ = {isa = PBXBuildFile; fileRef = B368C289289DC17B0055C3C1 /* HomePage.swift */; };
		B368C28C289EE2550055C3C1 /* DetailCard.swift in Sources */ = {isa = PBXBuildFile; fileRef = B368C28B289EE2550055C3C1 /* DetailCard.swift */; };
		B368C28E289EE2600055C3C1 /* Saved.swift in Sources */ = {isa = PBXBuildFile; fileRef = B368C28D289EE2600055C3C1 /* Saved.swift */; };
		B368C29B289EF4000055C3C1 /* Alamofire in Frameworks */ = {isa = PBXBuildFile; productRef = B368C29A289EF4000055C3C1 /* Alamofire */; };
		B368C29D289EF4750055C3C1 /* NetworkService.swift in Sources */ = {isa = PBXBuildFile; fileRef = B368C29C289EF4750055C3C1 /* NetworkService.swift */; };
		B368C2A5289F0D4A0055C3C1 /* Links.swift in Sources */ = {isa = PBXBuildFile; fileRef = B368C2A4289F0D4A0055C3C1 /* Links.swift */; };
		B368C2A7289F0D580055C3C1 /* Metadata.swift in Sources */ = {isa = PBXBuildFile; fileRef = B368C2A6289F0D580055C3C1 /* Metadata.swift */; };
		B368C2A9289F0D720055C3C1 /* Data.swift in Sources */ = {isa = PBXBuildFile; fileRef = B368C2A8289F0D720055C3C1 /* Data.swift */; };
		B368C2AB289F1B420055C3C1 /* DataModel.swift in Sources */ = {isa = PBXBuildFile; fileRef = B368C2AA289F1B420055C3C1 /* DataModel.swift */; };
		B390480C28A1407F00B7ABF0 /* SDWebImageSwiftUI in Frameworks */ = {isa = PBXBuildFile; productRef = B390480B28A1407F00B7ABF0 /* SDWebImageSwiftUI */; };
		B390480F28A1409700B7ABF0 /* SDWebImageSVGCoder in Frameworks */ = {isa = PBXBuildFile; productRef = B390480E28A1409700B7ABF0 /* SDWebImageSVGCoder */; };
		B3BE8D1128A0142C0026F16E /* UserDefaultServices.swift in Sources */ = {isa = PBXBuildFile; fileRef = B3BE8D1028A0142C0026F16E /* UserDefaultServices.swift */; };
		B3BE8D7928A050EC0026F16E /* Favorites.swift in Sources */ = {isa = PBXBuildFile; fileRef = B3BE8D7828A050EC0026F16E /* Favorites.swift */; };
		B3BE8D7C28A055CE0026F16E /* MainView.swift in Sources */ = {isa = PBXBuildFile; fileRef = B3BE8D7B28A055CE0026F16E /* MainView.swift */; };
		B3BE8D7E28A0F8FE0026F16E /* CountryDetailModel.swift in Sources */ = {isa = PBXBuildFile; fileRef = B3BE8D7D28A0F8FE0026F16E /* CountryDetailModel.swift */; };
		B3BE8D8128A112E40026F16E /* SavedStore.swift in Sources */ = {isa = PBXBuildFile; fileRef = B3BE8D8028A112E40026F16E /* SavedStore.swift */; };
		B3D9CC42289C71B8003BEAFC /* CountriesApp.swift in Sources */ = {isa = PBXBuildFile; fileRef = B3D9CC41289C71B8003BEAFC /* CountriesApp.swift */; };
		B3D9CC44289C71B8003BEAFC /* ContentView.swift in Sources */ = {isa = PBXBuildFile; fileRef = B3D9CC43289C71B8003BEAFC /* ContentView.swift */; };
		B3D9CC46289C71B9003BEAFC /* Assets.xcassets in Resources */ = {isa = PBXBuildFile; fileRef = B3D9CC45289C71B9003BEAFC /* Assets.xcassets */; };
		B3D9CC49289C71B9003BEAFC /* Preview Assets.xcassets in Resources */ = {isa = PBXBuildFile; fileRef = B3D9CC48289C71B9003BEAFC /* Preview Assets.xcassets */; };
/* End PBXBuildFile section */

/* Begin PBXFileReference section */
		B368C289289DC17B0055C3C1 /* HomePage.swift */ = {isa = PBXFileReference; lastKnownFileType = sourcecode.swift; path = HomePage.swift; sourceTree = "<group>"; };
		B368C28B289EE2550055C3C1 /* DetailCard.swift */ = {isa = PBXFileReference; lastKnownFileType = sourcecode.swift; path = DetailCard.swift; sourceTree = "<group>"; };
		B368C28D289EE2600055C3C1 /* Saved.swift */ = {isa = PBXFileReference; lastKnownFileType = sourcecode.swift; path = Saved.swift; sourceTree = "<group>"; };
		B368C29C289EF4750055C3C1 /* NetworkService.swift */ = {isa = PBXFileReference; lastKnownFileType = sourcecode.swift; path = NetworkService.swift; sourceTree = "<group>"; };
		B368C2A4289F0D4A0055C3C1 /* Links.swift */ = {isa = PBXFileReference; lastKnownFileType = sourcecode.swift; path = Links.swift; sourceTree = "<group>"; };
		B368C2A6289F0D580055C3C1 /* Metadata.swift */ = {isa = PBXFileReference; lastKnownFileType = sourcecode.swift; path = Metadata.swift; sourceTree = "<group>"; };
		B368C2A8289F0D720055C3C1 /* Data.swift */ = {isa = PBXFileReference; lastKnownFileType = sourcecode.swift; path = Data.swift; sourceTree = "<group>"; };
		B368C2AA289F1B420055C3C1 /* DataModel.swift */ = {isa = PBXFileReference; lastKnownFileType = sourcecode.swift; path = DataModel.swift; sourceTree = "<group>"; };
		B3BE8D1028A0142C0026F16E /* UserDefaultServices.swift */ = {isa = PBXFileReference; lastKnownFileType = sourcecode.swift; path = UserDefaultServices.swift; sourceTree = "<group>"; };
		B3BE8D7828A050EC0026F16E /* Favorites.swift */ = {isa = PBXFileReference; lastKnownFileType = sourcecode.swift; path = Favorites.swift; sourceTree = "<group>"; };
		B3BE8D7B28A055CE0026F16E /* MainView.swift */ = {isa = PBXFileReference; lastKnownFileType = sourcecode.swift; path = MainView.swift; sourceTree = "<group>"; };
		B3BE8D7D28A0F8FE0026F16E /* CountryDetailModel.swift */ = {isa = PBXFileReference; lastKnownFileType = sourcecode.swift; path = CountryDetailModel.swift; sourceTree = "<group>"; };
		B3BE8D8028A112E40026F16E /* SavedStore.swift */ = {isa = PBXFileReference; lastKnownFileType = sourcecode.swift; path = SavedStore.swift; sourceTree = "<group>"; };
		B3D9CC3E289C71B8003BEAFC /* Countries.app */ = {isa = PBXFileReference; explicitFileType = wrapper.application; includeInIndex = 0; path = Countries.app; sourceTree = BUILT_PRODUCTS_DIR; };
		B3D9CC41289C71B8003BEAFC /* CountriesApp.swift */ = {isa = PBXFileReference; lastKnownFileType = sourcecode.swift; path = CountriesApp.swift; sourceTree = "<group>"; };
		B3D9CC43289C71B8003BEAFC /* ContentView.swift */ = {isa = PBXFileReference; lastKnownFileType = sourcecode.swift; path = ContentView.swift; sourceTree = "<group>"; };
		B3D9CC45289C71B9003BEAFC /* Assets.xcassets */ = {isa = PBXFileReference; lastKnownFileType = folder.assetcatalog; path = Assets.xcassets; sourceTree = "<group>"; };
		B3D9CC48289C71B9003BEAFC /* Preview Assets.xcassets */ = {isa = PBXFileReference; lastKnownFileType = folder.assetcatalog; path = "Preview Assets.xcassets"; sourceTree = "<group>"; };
/* End PBXFileReference section */

/* Begin PBXFrameworksBuildPhase section */
		B3D9CC3B289C71B8003BEAFC /* Frameworks */ = {
			isa = PBXFrameworksBuildPhase;
			buildActionMask = 2147483647;
			files = (
				B390480F28A1409700B7ABF0 /* SDWebImageSVGCoder in Frameworks */,
				B390480C28A1407F00B7ABF0 /* SDWebImageSwiftUI in Frameworks */,
				B368C29B289EF4000055C3C1 /* Alamofire in Frameworks */,
			);
			runOnlyForDeploymentPostprocessing = 0;
		};
/* End PBXFrameworksBuildPhase section */

/* Begin PBXGroup section */
		B3702C27289C7D1C00022546 /* Common */ = {
			isa = PBXGroup;
			children = (
				B3702C2E289C7D6B00022546 /* Utils */,
				B3702C2D289C7D6300022546 /* Constants */,
			);
			path = Common;
			sourceTree = "<group>";
		};
		B3702C28289C7D2500022546 /* Resources */ = {
			isa = PBXGroup;
			children = (
				B3702C2F289C7D8300022546 /* Assets */,
				B3702C30289C7D8B00022546 /* Fonts */,
			);
			path = Resources;
			sourceTree = "<group>";
		};
		B3702C29289C7D2F00022546 /* Network */ = {
			isa = PBXGroup;
			children = (
				B3702C31289C7D9800022546 /* Model */,
				B3702C32289C7D9C00022546 /* Service */,
			);
			path = Network;
			sourceTree = "<group>";
		};
		B3702C2A289C7D3A00022546 /* Modules */ = {
			isa = PBXGroup;
			children = (
				B3702C33289C7DB800022546 /* Base */,
			);
			path = Modules;
			sourceTree = "<group>";
		};
		B3702C2C289C7D5000022546 /* Views */ = {
			isa = PBXGroup;
			children = (
				B3702C34289C7DC800022546 /* Screens */,
			);
			path = Views;
			sourceTree = "<group>";
		};
		B3702C2D289C7D6300022546 /* Constants */ = {
			isa = PBXGroup;
			children = (
			);
			path = Constants;
			sourceTree = "<group>";
		};
		B3702C2E289C7D6B00022546 /* Utils */ = {
			isa = PBXGroup;
			children = (
				B3BE8D1028A0142C0026F16E /* UserDefaultServices.swift */,
			);
			path = Utils;
			sourceTree = "<group>";
		};
		B3702C2F289C7D8300022546 /* Assets */ = {
			isa = PBXGroup;
			children = (
			);
			path = Assets;
			sourceTree = "<group>";
		};
		B3702C30289C7D8B00022546 /* Fonts */ = {
			isa = PBXGroup;
			children = (
			);
			path = Fonts;
			sourceTree = "<group>";
		};
		B3702C31289C7D9800022546 /* Model */ = {
			isa = PBXGroup;
			children = (
				B368C2AA289F1B420055C3C1 /* DataModel.swift */,
				B368C2A8289F0D720055C3C1 /* Data.swift */,
				B368C2A4289F0D4A0055C3C1 /* Links.swift */,
				B368C2A6289F0D580055C3C1 /* Metadata.swift */,
				B3BE8D7828A050EC0026F16E /* Favorites.swift */,
				B3BE8D7D28A0F8FE0026F16E /* CountryDetailModel.swift */,
			);
			path = Model;
			sourceTree = "<group>";
		};
		B3702C32289C7D9C00022546 /* Service */ = {
			isa = PBXGroup;
			children = (
				B368C29C289EF4750055C3C1 /* NetworkService.swift */,
			);
			path = Service;
			sourceTree = "<group>";
		};
		B3702C33289C7DB800022546 /* Base */ = {
			isa = PBXGroup;
			children = (
				B3D9CC41289C71B8003BEAFC /* CountriesApp.swift */,
				B3D9CC43289C71B8003BEAFC /* ContentView.swift */,
				B3BE8D7B28A055CE0026F16E /* MainView.swift */,
			);
			path = Base;
			sourceTree = "<group>";
		};
		B3702C34289C7DC800022546 /* Screens */ = {
			isa = PBXGroup;
			children = (
				B3702C35289C7DDB00022546 /* HomePage */,
				B3702C36289C7DE600022546 /* DetailCard */,
				B3702C37289C7DF300022546 /* Saved */,
			);
			path = Screens;
			sourceTree = "<group>";
		};
		B3702C35289C7DDB00022546 /* HomePage */ = {
			isa = PBXGroup;
			children = (
				B368C289289DC17B0055C3C1 /* HomePage.swift */,
			);
			path = HomePage;
			sourceTree = "<group>";
		};
		B3702C36289C7DE600022546 /* DetailCard */ = {
			isa = PBXGroup;
			children = (
				B368C28B289EE2550055C3C1 /* DetailCard.swift */,
			);
			path = DetailCard;
			sourceTree = "<group>";
		};
		B3702C37289C7DF300022546 /* Saved */ = {
			isa = PBXGroup;
			children = (
				B368C28D289EE2600055C3C1 /* Saved.swift */,
			);
			path = Saved;
			sourceTree = "<group>";
		};
		B3BE8D7F28A112D30026F16E /* Store */ = {
			isa = PBXGroup;
			children = (
				B3BE8D8028A112E40026F16E /* SavedStore.swift */,
			);
			path = Store;
			sourceTree = "<group>";
		};
		B3D9CC35289C71B8003BEAFC = {
			isa = PBXGroup;
			children = (
				B3D9CC40289C71B8003BEAFC /* Countries */,
				B3D9CC3F289C71B8003BEAFC /* Products */,
			);
			sourceTree = "<group>";
		};
		B3D9CC3F289C71B8003BEAFC /* Products */ = {
			isa = PBXGroup;
			children = (
				B3D9CC3E289C71B8003BEAFC /* Countries.app */,
			);
			name = Products;
			sourceTree = "<group>";
		};
		B3D9CC40289C71B8003BEAFC /* Countries */ = {
			isa = PBXGroup;
			children = (
				B3BE8D7F28A112D30026F16E /* Store */,
				B3702C27289C7D1C00022546 /* Common */,
				B3702C28289C7D2500022546 /* Resources */,
				B3702C29289C7D2F00022546 /* Network */,
				B3702C2A289C7D3A00022546 /* Modules */,
				B3702C2C289C7D5000022546 /* Views */,
				B3D9CC45289C71B9003BEAFC /* Assets.xcassets */,
				B3D9CC47289C71B9003BEAFC /* Preview Content */,
			);
			path = Countries;
			sourceTree = "<group>";
		};
		B3D9CC47289C71B9003BEAFC /* Preview Content */ = {
			isa = PBXGroup;
			children = (
				B3D9CC48289C71B9003BEAFC /* Preview Assets.xcassets */,
			);
			path = "Preview Content";
			sourceTree = "<group>";
		};
/* End PBXGroup section */

/* Begin PBXNativeTarget section */
		B3D9CC3D289C71B8003BEAFC /* Countries */ = {
			isa = PBXNativeTarget;
			buildConfigurationList = B3D9CC4C289C71B9003BEAFC /* Build configuration list for PBXNativeTarget "Countries" */;
			buildPhases = (
				B3D9CC3A289C71B8003BEAFC /* Sources */,
				B3D9CC3B289C71B8003BEAFC /* Frameworks */,
				B3D9CC3C289C71B8003BEAFC /* Resources */,
			);
			buildRules = (
			);
			dependencies = (
			);
			name = Countries;
			packageProductDependencies = (
				B368C29A289EF4000055C3C1 /* Alamofire */,
				B390480B28A1407F00B7ABF0 /* SDWebImageSwiftUI */,
				B390480E28A1409700B7ABF0 /* SDWebImageSVGCoder */,
			);
			productName = Countries;
			productReference = B3D9CC3E289C71B8003BEAFC /* Countries.app */;
			productType = "com.apple.product-type.application";
		};
/* End PBXNativeTarget section */

/* Begin PBXProject section */
		B3D9CC36289C71B8003BEAFC /* Project object */ = {
			isa = PBXProject;
			attributes = {
				BuildIndependentTargetsInParallel = 1;
				LastSwiftUpdateCheck = 1320;
				LastUpgradeCheck = 1320;
				TargetAttributes = {
					B3D9CC3D289C71B8003BEAFC = {
						CreatedOnToolsVersion = 13.2.1;
					};
				};
			};
			buildConfigurationList = B3D9CC39289C71B8003BEAFC /* Build configuration list for PBXProject "Countries" */;
			compatibilityVersion = "Xcode 13.0";
			developmentRegion = en;
			hasScannedForEncodings = 0;
			knownRegions = (
				en,
				Base,
			);
			mainGroup = B3D9CC35289C71B8003BEAFC;
			packageReferences = (
				B368C299289EF4000055C3C1 /* XCRemoteSwiftPackageReference "Alamofire" */,
				B390480A28A1407F00B7ABF0 /* XCRemoteSwiftPackageReference "SDWebImageSwiftUI" */,
				B390480D28A1409700B7ABF0 /* XCRemoteSwiftPackageReference "SDWebImageSVGCoder" */,
			);
			productRefGroup = B3D9CC3F289C71B8003BEAFC /* Products */;
			projectDirPath = "";
			projectRoot = "";
			targets = (
				B3D9CC3D289C71B8003BEAFC /* Countries */,
			);
		};
/* End PBXProject section */

/* Begin PBXResourcesBuildPhase section */
		B3D9CC3C289C71B8003BEAFC /* Resources */ = {
			isa = PBXResourcesBuildPhase;
			buildActionMask = 2147483647;
			files = (
				B3D9CC49289C71B9003BEAFC /* Preview Assets.xcassets in Resources */,
				B3D9CC46289C71B9003BEAFC /* Assets.xcassets in Resources */,
			);
			runOnlyForDeploymentPostprocessing = 0;
		};
/* End PBXResourcesBuildPhase section */

/* Begin PBXSourcesBuildPhase section */
		B3D9CC3A289C71B8003BEAFC /* Sources */ = {
			isa = PBXSourcesBuildPhase;
			buildActionMask = 2147483647;
			files = (
				B368C29D289EF4750055C3C1 /* NetworkService.swift in Sources */,
				B3BE8D7E28A0F8FE0026F16E /* CountryDetailModel.swift in Sources */,
				B3BE8D7C28A055CE0026F16E /* MainView.swift in Sources */,
				B368C2A9289F0D720055C3C1 /* Data.swift in Sources */,
				B368C2AB289F1B420055C3C1 /* DataModel.swift in Sources */,
				B368C28C289EE2550055C3C1 /* DetailCard.swift in Sources */,
				B368C2A7289F0D580055C3C1 /* Metadata.swift in Sources */,
				B3BE8D1128A0142C0026F16E /* UserDefaultServices.swift in Sources */,
				B3D9CC44289C71B8003BEAFC /* ContentView.swift in Sources */,
				B368C28A289DC17B0055C3C1 /* HomePage.swift in Sources */,
				B368C2A5289F0D4A0055C3C1 /* Links.swift in Sources */,
				B3BE8D7928A050EC0026F16E /* Favorites.swift in Sources */,
				B3D9CC42289C71B8003BEAFC /* CountriesApp.swift in Sources */,
				B3BE8D8128A112E40026F16E /* SavedStore.swift in Sources */,
				B368C28E289EE2600055C3C1 /* Saved.swift in Sources */,
			);
			runOnlyForDeploymentPostprocessing = 0;
		};
/* End PBXSourcesBuildPhase section */

/* Begin XCBuildConfiguration section */
		B3D9CC4A289C71B9003BEAFC /* Debug */ = {
			isa = XCBuildConfiguration;
			buildSettings = {
				ALWAYS_SEARCH_USER_PATHS = NO;
				CLANG_ANALYZER_NONNULL = YES;
				CLANG_ANALYZER_NUMBER_OBJECT_CONVERSION = YES_AGGRESSIVE;
				CLANG_CXX_LANGUAGE_STANDARD = "gnu++17";
				CLANG_CXX_LIBRARY = "libc++";
				CLANG_ENABLE_MODULES = YES;
				CLANG_ENABLE_OBJC_ARC = YES;
				CLANG_ENABLE_OBJC_WEAK = YES;
				CLANG_WARN_BLOCK_CAPTURE_AUTORELEASING = YES;
				CLANG_WARN_BOOL_CONVERSION = YES;
				CLANG_WARN_COMMA = YES;
				CLANG_WARN_CONSTANT_CONVERSION = YES;
				CLANG_WARN_DEPRECATED_OBJC_IMPLEMENTATIONS = YES;
				CLANG_WARN_DIRECT_OBJC_ISA_USAGE = YES_ERROR;
				CLANG_WARN_DOCUMENTATION_COMMENTS = YES;
				CLANG_WARN_EMPTY_BODY = YES;
				CLANG_WARN_ENUM_CONVERSION = YES;
				CLANG_WARN_INFINITE_RECURSION = YES;
				CLANG_WARN_INT_CONVERSION = YES;
				CLANG_WARN_NON_LITERAL_NULL_CONVERSION = YES;
				CLANG_WARN_OBJC_IMPLICIT_RETAIN_SELF = YES;
				CLANG_WARN_OBJC_LITERAL_CONVERSION = YES;
				CLANG_WARN_OBJC_ROOT_CLASS = YES_ERROR;
				CLANG_WARN_QUOTED_INCLUDE_IN_FRAMEWORK_HEADER = YES;
				CLANG_WARN_RANGE_LOOP_ANALYSIS = YES;
				CLANG_WARN_STRICT_PROTOTYPES = YES;
				CLANG_WARN_SUSPICIOUS_MOVE = YES;
				CLANG_WARN_UNGUARDED_AVAILABILITY = YES_AGGRESSIVE;
				CLANG_WARN_UNREACHABLE_CODE = YES;
				CLANG_WARN__DUPLICATE_METHOD_MATCH = YES;
				COPY_PHASE_STRIP = NO;
				DEBUG_INFORMATION_FORMAT = dwarf;
				ENABLE_STRICT_OBJC_MSGSEND = YES;
				ENABLE_TESTABILITY = YES;
				GCC_C_LANGUAGE_STANDARD = gnu11;
				GCC_DYNAMIC_NO_PIC = NO;
				GCC_NO_COMMON_BLOCKS = YES;
				GCC_OPTIMIZATION_LEVEL = 0;
				GCC_PREPROCESSOR_DEFINITIONS = (
					"DEBUG=1",
					"$(inherited)",
				);
				GCC_WARN_64_TO_32_BIT_CONVERSION = YES;
				GCC_WARN_ABOUT_RETURN_TYPE = YES_ERROR;
				GCC_WARN_UNDECLARED_SELECTOR = YES;
				GCC_WARN_UNINITIALIZED_AUTOS = YES_AGGRESSIVE;
				GCC_WARN_UNUSED_FUNCTION = YES;
				GCC_WARN_UNUSED_VARIABLE = YES;
				IPHONEOS_DEPLOYMENT_TARGET = 15.2;
				MTL_ENABLE_DEBUG_INFO = INCLUDE_SOURCE;
				MTL_FAST_MATH = YES;
				ONLY_ACTIVE_ARCH = YES;
				SDKROOT = iphoneos;
				SWIFT_ACTIVE_COMPILATION_CONDITIONS = DEBUG;
				SWIFT_OPTIMIZATION_LEVEL = "-Onone";
			};
			name = Debug;
		};
		B3D9CC4B289C71B9003BEAFC /* Release */ = {
			isa = XCBuildConfiguration;
			buildSettings = {
				ALWAYS_SEARCH_USER_PATHS = NO;
				CLANG_ANALYZER_NONNULL = YES;
				CLANG_ANALYZER_NUMBER_OBJECT_CONVERSION = YES_AGGRESSIVE;
				CLANG_CXX_LANGUAGE_STANDARD = "gnu++17";
				CLANG_CXX_LIBRARY = "libc++";
				CLANG_ENABLE_MODULES = YES;
				CLANG_ENABLE_OBJC_ARC = YES;
				CLANG_ENABLE_OBJC_WEAK = YES;
				CLANG_WARN_BLOCK_CAPTURE_AUTORELEASING = YES;
				CLANG_WARN_BOOL_CONVERSION = YES;
				CLANG_WARN_COMMA = YES;
				CLANG_WARN_CONSTANT_CONVERSION = YES;
				CLANG_WARN_DEPRECATED_OBJC_IMPLEMENTATIONS = YES;
				CLANG_WARN_DIRECT_OBJC_ISA_USAGE = YES_ERROR;
				CLANG_WARN_DOCUMENTATION_COMMENTS = YES;
				CLANG_WARN_EMPTY_BODY = YES;
				CLANG_WARN_ENUM_CONVERSION = YES;
				CLANG_WARN_INFINITE_RECURSION = YES;
				CLANG_WARN_INT_CONVERSION = YES;
				CLANG_WARN_NON_LITERAL_NULL_CONVERSION = YES;
				CLANG_WARN_OBJC_IMPLICIT_RETAIN_SELF = YES;
				CLANG_WARN_OBJC_LITERAL_CONVERSION = YES;
				CLANG_WARN_OBJC_ROOT_CLASS = YES_ERROR;
				CLANG_WARN_QUOTED_INCLUDE_IN_FRAMEWORK_HEADER = YES;
				CLANG_WARN_RANGE_LOOP_ANALYSIS = YES;
				CLANG_WARN_STRICT_PROTOTYPES = YES;
				CLANG_WARN_SUSPICIOUS_MOVE = YES;
				CLANG_WARN_UNGUARDED_AVAILABILITY = YES_AGGRESSIVE;
				CLANG_WARN_UNREACHABLE_CODE = YES;
				CLANG_WARN__DUPLICATE_METHOD_MATCH = YES;
				COPY_PHASE_STRIP = NO;
				DEBUG_INFORMATION_FORMAT = "dwarf-with-dsym";
				ENABLE_NS_ASSERTIONS = NO;
				ENABLE_STRICT_OBJC_MSGSEND = YES;
				GCC_C_LANGUAGE_STANDARD = gnu11;
				GCC_NO_COMMON_BLOCKS = YES;
				GCC_WARN_64_TO_32_BIT_CONVERSION = YES;
				GCC_WARN_ABOUT_RETURN_TYPE = YES_ERROR;
				GCC_WARN_UNDECLARED_SELECTOR = YES;
				GCC_WARN_UNINITIALIZED_AUTOS = YES_AGGRESSIVE;
				GCC_WARN_UNUSED_FUNCTION = YES;
				GCC_WARN_UNUSED_VARIABLE = YES;
				IPHONEOS_DEPLOYMENT_TARGET = 15.2;
				MTL_ENABLE_DEBUG_INFO = NO;
				MTL_FAST_MATH = YES;
				SDKROOT = iphoneos;
				SWIFT_COMPILATION_MODE = wholemodule;
				SWIFT_OPTIMIZATION_LEVEL = "-O";
				VALIDATE_PRODUCT = YES;
			};
			name = Release;
		};
		B3D9CC4D289C71B9003BEAFC /* Debug */ = {
			isa = XCBuildConfiguration;
			buildSettings = {
				ASSETCATALOG_COMPILER_APPICON_NAME = AppIcon;
				ASSETCATALOG_COMPILER_GLOBAL_ACCENT_COLOR_NAME = AccentColor;
				CODE_SIGN_STYLE = Automatic;
				CURRENT_PROJECT_VERSION = 1;
				DEVELOPMENT_ASSET_PATHS = "\"Countries/Preview Content\"";
				DEVELOPMENT_TEAM = 3VFN5926F6;
				ENABLE_PREVIEWS = YES;
				GENERATE_INFOPLIST_FILE = YES;
				INFOPLIST_KEY_UIApplicationSceneManifest_Generation = YES;
				INFOPLIST_KEY_UIApplicationSupportsIndirectInputEvents = YES;
				INFOPLIST_KEY_UILaunchScreen_Generation = YES;
				INFOPLIST_KEY_UISupportedInterfaceOrientations_iPad = "UIInterfaceOrientationPortrait UIInterfaceOrientationPortraitUpsideDown UIInterfaceOrientationLandscapeLeft UIInterfaceOrientationLandscapeRight";
				INFOPLIST_KEY_UISupportedInterfaceOrientations_iPhone = "UIInterfaceOrientationPortrait UIInterfaceOrientationLandscapeLeft UIInterfaceOrientationLandscapeRight";
				IPHONEOS_DEPLOYMENT_TARGET = 14.7;
				LD_RUNPATH_SEARCH_PATHS = (
					"$(inherited)",
					"@executable_path/Frameworks",
				);
				MARKETING_VERSION = 1.0;
				PRODUCT_BUNDLE_IDENTIFIER = com.senakurtak.Countries;
				PRODUCT_NAME = "$(TARGET_NAME)";
				SWIFT_EMIT_LOC_STRINGS = YES;
				SWIFT_VERSION = 5.0;
				TARGETED_DEVICE_FAMILY = "1,2";
			};
			name = Debug;
		};
		B3D9CC4E289C71B9003BEAFC /* Release */ = {
			isa = XCBuildConfiguration;
			buildSettings = {
				ASSETCATALOG_COMPILER_APPICON_NAME = AppIcon;
				ASSETCATALOG_COMPILER_GLOBAL_ACCENT_COLOR_NAME = AccentColor;
				CODE_SIGN_STYLE = Automatic;
				CURRENT_PROJECT_VERSION = 1;
				DEVELOPMENT_ASSET_PATHS = "\"Countries/Preview Content\"";
				DEVELOPMENT_TEAM = 3VFN5926F6;
				ENABLE_PREVIEWS = YES;
				GENERATE_INFOPLIST_FILE = YES;
				INFOPLIST_KEY_UIApplicationSceneManifest_Generation = YES;
				INFOPLIST_KEY_UIApplicationSupportsIndirectInputEvents = YES;
				INFOPLIST_KEY_UILaunchScreen_Generation = YES;
				INFOPLIST_KEY_UISupportedInterfaceOrientations_iPad = "UIInterfaceOrientationPortrait UIInterfaceOrientationPortraitUpsideDown UIInterfaceOrientationLandscapeLeft UIInterfaceOrientationLandscapeRight";
				INFOPLIST_KEY_UISupportedInterfaceOrientations_iPhone = "UIInterfaceOrientationPortrait UIInterfaceOrientationLandscapeLeft UIInterfaceOrientationLandscapeRight";
				IPHONEOS_DEPLOYMENT_TARGET = 14.7;
				LD_RUNPATH_SEARCH_PATHS = (
					"$(inherited)",
					"@executable_path/Frameworks",
				);
				MARKETING_VERSION = 1.0;
				PRODUCT_BUNDLE_IDENTIFIER = com.senakurtak.Countries;
				PRODUCT_NAME = "$(TARGET_NAME)";
				SWIFT_EMIT_LOC_STRINGS = YES;
				SWIFT_VERSION = 5.0;
				TARGETED_DEVICE_FAMILY = "1,2";
			};
			name = Release;
		};
/* End XCBuildConfiguration section */

/* Begin XCConfigurationList section */
		B3D9CC39289C71B8003BEAFC /* Build configuration list for PBXProject "Countries" */ = {
			isa = XCConfigurationList;
			buildConfigurations = (
				B3D9CC4A289C71B9003BEAFC /* Debug */,
				B3D9CC4B289C71B9003BEAFC /* Release */,
			);
			defaultConfigurationIsVisible = 0;
			defaultConfigurationName = Release;
		};
		B3D9CC4C289C71B9003BEAFC /* Build configuration list for PBXNativeTarget "Countries" */ = {
			isa = XCConfigurationList;
			buildConfigurations = (
				B3D9CC4D289C71B9003BEAFC /* Debug */,
				B3D9CC4E289C71B9003BEAFC /* Release */,
			);
			defaultConfigurationIsVisible = 0;
			defaultConfigurationName = Release;
		};
/* End XCConfigurationList section */

/* Begin XCRemoteSwiftPackageReference section */
		B368C299289EF4000055C3C1 /* XCRemoteSwiftPackageReference "Alamofire" */ = {
			isa = XCRemoteSwiftPackageReference;
			repositoryURL = "https://github.com/Alamofire/Alamofire";
			requirement = {
				branch = master;
				kind = branch;
			};
		};
		B390480A28A1407F00B7ABF0 /* XCRemoteSwiftPackageReference "SDWebImageSwiftUI" */ = {
			isa = XCRemoteSwiftPackageReference;
			repositoryURL = "https://github.com/SDWebImage/SDWebImageSwiftUI.git";
			requirement = {
				kind = upToNextMajorVersion;
				minimumVersion = 2.0.0;
			};
		};
		B390480D28A1409700B7ABF0 /* XCRemoteSwiftPackageReference "SDWebImageSVGCoder" */ = {
			isa = XCRemoteSwiftPackageReference;
			repositoryURL = "https://github.com/SDWebImage/SDWebImageSVGCoder";
			requirement = {
				branch = master;
				kind = branch;
			};
		};
/* End XCRemoteSwiftPackageReference section */

/* Begin XCSwiftPackageProductDependency section */
		B368C29A289EF4000055C3C1 /* Alamofire */ = {
			isa = XCSwiftPackageProductDependency;
			package = B368C299289EF4000055C3C1 /* XCRemoteSwiftPackageReference "Alamofire" */;
			productName = Alamofire;
		};
		B390480B28A1407F00B7ABF0 /* SDWebImageSwiftUI */ = {
			isa = XCSwiftPackageProductDependency;
			package = B390480A28A1407F00B7ABF0 /* XCRemoteSwiftPackageReference "SDWebImageSwiftUI" */;
			productName = SDWebImageSwiftUI;
		};
		B390480E28A1409700B7ABF0 /* SDWebImageSVGCoder */ = {
			isa = XCSwiftPackageProductDependency;
			package = B390480D28A1409700B7ABF0 /* XCRemoteSwiftPackageReference "SDWebImageSVGCoder" */;
			productName = SDWebImageSVGCoder;
		};
/* End XCSwiftPackageProductDependency section */
	};
	rootObject = B3D9CC36289C71B8003BEAFC /* Project object */;
}
